// !$*UTF8*$!
{
	archiveVersion = 1;
	classes = {
	};
	objectVersion = 77;
	objects = {

/* Begin PBXBuildFile section */
		C1D9C7A72FB3CC5700EA80B7 /* ContentView.swift in Sources */ = {isa = PBXBuildFile; fileRef = C1D9C7A42FB3CC5700EA80B7 /* ContentView.swift */; };
		C1D9C7A82FB3CC5700EA80B7 /* SwiftGenUIApp.swift in Sources */ = {isa = PBXBuildFile; fileRef = C1D9C7A52FB3CC5700EA80B7 /* SwiftGenUIApp.swift */; };
		C1D9C7A92FB3CC5700EA80B7 /* Assets.xcassets in Resources */ = {isa = PBXBuildFile; fileRef = C1D9C7A32FB3CC5700EA80B7 /* Assets.xcassets */; };
		C1D9C7AC2FB3DA7E00EA80B7 /* ComposableArchitecture in Frameworks */ = {isa = PBXBuildFile; productRef = C1D9C7AB2FB3DA7E00EA80B7 /* ComposableArchitecture */; };
		C2A000012FB3D10000EA80B7 /* AppFeature.swift in Sources */ = {isa = PBXBuildFile; fileRef = C2A001012FB3D10000EA80B7 /* AppFeature.swift */; };
		C2A000022FB3D10000EA80B7 /* DynamicUIFeature.swift in Sources */ = {isa = PBXBuildFile; fileRef = C2A001022FB3D10000EA80B7 /* DynamicUIFeature.swift */; };
		C2A000032FB3D10000EA80B7 /* DynamicUIView.swift in Sources */ = {isa = PBXBuildFile; fileRef = C2A001032FB3D10000EA80B7 /* DynamicUIView.swift */; };
		C2A000042FB3D10000EA80B7 /* UIComponent.swift in Sources */ = {isa = PBXBuildFile; fileRef = C2A001042FB3D10000EA80B7 /* UIComponent.swift */; };
		C2A000052FB3D10000EA80B7 /* ComponentType.swift in Sources */ = {isa = PBXBuildFile; fileRef = C2A001052FB3D10000EA80B7 /* ComponentType.swift */; };
		C2A000062FB3D10000EA80B7 /* ComponentProps.swift in Sources */ = {isa = PBXBuildFile; fileRef = C2A001062FB3D10000EA80B7 /* ComponentProps.swift */; };
		C2A000072FB3D10000EA80B7 /* CapabilityCall.swift in Sources */ = {isa = PBXBuildFile; fileRef = C2A001072FB3D10000EA80B7 /* CapabilityCall.swift */; };
		C2A000082FB3D10000EA80B7 /* SchemaValidator.swift in Sources */ = {isa = PBXBuildFile; fileRef = C2A001082FB3D10000EA80B7 /* SchemaValidator.swift */; };
		C2A000092FB3D10000EA80B7 /* ValidationError.swift in Sources */ = {isa = PBXBuildFile; fileRef = C2A001092FB3D10000EA80B7 /* ValidationError.swift */; };
		C2A0000A2FB3D10000EA80B7 /* AppCapability.swift in Sources */ = {isa = PBXBuildFile; fileRef = C2A0010A2FB3D10000EA80B7 /* AppCapability.swift */; };
		C2A0000B2FB3D10000EA80B7 /* CapabilityRegistry.swift in Sources */ = {isa = PBXBuildFile; fileRef = C2A0010B2FB3D10000EA80B7 /* CapabilityRegistry.swift */; };
		C2A0000C2FB3D10000EA80B7 /* CapabilityExecutor.swift in Sources */ = {isa = PBXBuildFile; fileRef = C2A0010C2FB3D10000EA80B7 /* CapabilityExecutor.swift */; };
		C2A0000D2FB3D10000EA80B7 /* DynamicRenderer.swift in Sources */ = {isa = PBXBuildFile; fileRef = C2A0010D2FB3D10000EA80B7 /* DynamicRenderer.swift */; };
		C2A0000E2FB3D10000EA80B7 /* LLMClient.swift in Sources */ = {isa = PBXBuildFile; fileRef = C2A0010E2FB3D10000EA80B7 /* LLMClient.swift */; };
		C2A0000F2FB3D10000EA80B7 /* OllamaClient.swift in Sources */ = {isa = PBXBuildFile; fileRef = C2A0010F2FB3D10000EA80B7 /* OllamaClient.swift */; };
		C2A000102FB3D10000EA80B7 /* PromptBuilder.swift in Sources */ = {isa = PBXBuildFile; fileRef = C2A001102FB3D10000EA80B7 /* PromptBuilder.swift */; };
		C2A000112FB3D10000EA80B7 /* AppTheme.swift in Sources */ = {isa = PBXBuildFile; fileRef = C2A001112FB3D10000EA80B7 /* AppTheme.swift */; };
		C2A000122FB3D10000EA80B7 /* Color+Hex.swift in Sources */ = {isa = PBXBuildFile; fileRef = C2A001122FB3D10000EA80B7 /* Color+Hex.swift */; };
		C2A000132FB3D10000EA80B7 /* AppCard.swift in Sources */ = {isa = PBXBuildFile; fileRef = C2A001132FB3D10000EA80B7 /* AppCard.swift */; };
		C2A000142FB3D10000EA80B7 /* AppSectionTitle.swift in Sources */ = {isa = PBXBuildFile; fileRef = C2A001142FB3D10000EA80B7 /* AppSectionTitle.swift */; };
		C2A000152FB3D10000EA80B7 /* AppStatusBadge.swift in Sources */ = {isa = PBXBuildFile; fileRef = C2A001152FB3D10000EA80B7 /* AppStatusBadge.swift */; };
		C2A000162FB3D10000EA80B7 /* AppPromptTextEditor.swift in Sources */ = {isa = PBXBuildFile; fileRef = C2A001162FB3D10000EA80B7 /* AppPromptTextEditor.swift */; };
		C2A000172FB3D10000EA80B7 /* AppChip.swift in Sources */ = {isa = PBXBuildFile; fileRef = C2A001172FB3D10000EA80B7 /* AppChip.swift */; };
		C2A000182FB3D10000EA80B7 /* AppPrimaryButton.swift in Sources */ = {isa = PBXBuildFile; fileRef = C2A001182FB3D10000EA80B7 /* AppPrimaryButton.swift */; };
		C2A000192FB3D10000EA80B7 /* EmptyPreviewCanvas.swift in Sources */ = {isa = PBXBuildFile; fileRef = C2A001192FB3D10000EA80B7 /* EmptyPreviewCanvas.swift */; };
		C2A0001A2FB3E60000EA80B7 /* OllamaGenerateRequestDTO.swift in Sources */ = {isa = PBXBuildFile; fileRef = C2A0011A2FB3E60000EA80B7 /* OllamaGenerateRequestDTO.swift */; };
		C2A0001B2FB3E60000EA80B7 /* OllamaGenerateResponseDTO.swift in Sources */ = {isa = PBXBuildFile; fileRef = C2A0011B2FB3E60000EA80B7 /* OllamaGenerateResponseDTO.swift */; };
		C2A0001C2FB3E60000EA80B7 /* LLMRepository.swift in Sources */ = {isa = PBXBuildFile; fileRef = C2A0011C2FB3E60000EA80B7 /* LLMRepository.swift */; };
		C2A0001D2FB3E60000EA80B7 /* OllamaLLMRepository.swift in Sources */ = {isa = PBXBuildFile; fileRef = C2A0011D2FB3E60000EA80B7 /* OllamaLLMRepository.swift */; };
		C2A0001E2FB5600000EA80B7 /* GeneratedPreviewView.swift in Sources */ = {isa = PBXBuildFile; fileRef = C2A0011E2FB5600000EA80B7 /* GeneratedPreviewView.swift */; };
		C2A000202FBE110000EA80B7 /* CompactComponentDTO.swift in Sources */ = {isa = PBXBuildFile; fileRef = C2A001202FBE110000EA80B7 /* CompactComponentDTO.swift */; };
		C2A000212FC0000000EA80B7 /* ScreenPlan.swift in Sources */ = {isa = PBXBuildFile; fileRef = C2A001212FC0000000EA80B7 /* ScreenPlan.swift */; };
		C2A000222FC0000000EA80B7 /* ScreenPlanDTO.swift in Sources */ = {isa = PBXBuildFile; fileRef = C2A001222FC0000000EA80B7 /* ScreenPlanDTO.swift */; };
		C2A000232FC0100000EA80B7 /* ScreenPlanPromptBuilder.swift in Sources */ = {isa = PBXBuildFile; fileRef = C2A001232FC0100000EA80B7 /* ScreenPlanPromptBuilder.swift */; };
		C2A000242FC0200000EA80B7 /* ScreenSectionGenerationInput.swift in Sources */ = {isa = PBXBuildFile; fileRef = C2A001242FC0200000EA80B7 /* ScreenSectionGenerationInput.swift */; };
		C2A000252FC0200000EA80B7 /* ScreenSectionPromptBuilder.swift in Sources */ = {isa = PBXBuildFile; fileRef = C2A001252FC0200000EA80B7 /* ScreenSectionPromptBuilder.swift */; };
		C3B000012FD0000000AA91C1 /* LLMProviderConfiguration.swift in Sources */ = {isa = PBXBuildFile; fileRef = C3B001012FD0000000AA91C1 /* LLMProviderConfiguration.swift */; };
		C3B000022FD0000000AA91C1 /* OpenAICompatibleChatDTO.swift in Sources */ = {isa = PBXBuildFile; fileRef = C3B001022FD0000000AA91C1 /* OpenAICompatibleChatDTO.swift */; };
		C3B000032FD0000000AA91C1 /* OpenAICompatibleLLMRepository.swift in Sources */ = {isa = PBXBuildFile; fileRef = C3B001032FD0000000AA91C1 /* OpenAICompatibleLLMRepository.swift */; };
		C3B000042FD0000000AA91C1 /* LLMProviderConfigurationResolver.swift in Sources */ = {isa = PBXBuildFile; fileRef = C3B001042FD0000000AA91C1 /* LLMProviderConfigurationResolver.swift */; };
		C3B000052FD0000000AA91C1 /* GeminiGenerateContentDTO.swift in Sources */ = {isa = PBXBuildFile; fileRef = C3B001052FD0000000AA91C1 /* GeminiGenerateContentDTO.swift */; };
		C3B000062FD0000000AA91C1 /* GeminiLLMRepository.swift in Sources */ = {isa = PBXBuildFile; fileRef = C3B001062FD0000000AA91C1 /* GeminiLLMRepository.swift */; };
/* End PBXBuildFile section */

/* Begin PBXFileReference section */
		C12E53AA2FC78AE40085C482 /* AppConfig.xcconfig */ = {isa = PBXFileReference; lastKnownFileType = text.xcconfig; path = AppConfig.xcconfig; sourceTree = "<group>"; };
		C12E53AB2FC78AE40085C482 /* AppConfig.example.xcconfig */ = {isa = PBXFileReference; lastKnownFileType = text.xcconfig; path = AppConfig.example.xcconfig; sourceTree = "<group>"; };
		C12E53AD2FC78AE40085C482 /* README.md */ = {isa = PBXFileReference; lastKnownFileType = net.daringfireball.markdown; path = README.md; sourceTree = "<group>"; };
		C1D9C7952FB3CC4E00EA80B7 /* SwiftGenUI.app */ = {isa = PBXFileReference; explicitFileType = wrapper.application; includeInIndex = 0; path = SwiftGenUI.app; sourceTree = BUILT_PRODUCTS_DIR; };
		C1D9C7A32FB3CC5700EA80B7 /* Assets.xcassets */ = {isa = PBXFileReference; lastKnownFileType = folder.assetcatalog; path = Assets.xcassets; sourceTree = "<group>"; };
		C1D9C7A42FB3CC5700EA80B7 /* ContentView.swift */ = {isa = PBXFileReference; lastKnownFileType = sourcecode.swift; path = ContentView.swift; sourceTree = "<group>"; };
		C1D9C7A52FB3CC5700EA80B7 /* SwiftGenUIApp.swift */ = {isa = PBXFileReference; lastKnownFileType = sourcecode.swift; path = SwiftGenUIApp.swift; sourceTree = "<group>"; };
		C1D9C7A62FC7A0000085C482 /* Info.plist */ = {isa = PBXFileReference; lastKnownFileType = text.plist.xml; path = Info.plist; sourceTree = "<group>"; };
		C2A001012FB3D10000EA80B7 /* AppFeature.swift */ = {isa = PBXFileReference; lastKnownFileType = sourcecode.swift; path = AppFeature.swift; sourceTree = "<group>"; };
		C2A001022FB3D10000EA80B7 /* DynamicUIFeature.swift */ = {isa = PBXFileReference; lastKnownFileType = sourcecode.swift; path = DynamicUIFeature.swift; sourceTree = "<group>"; };
		C2A001032FB3D10000EA80B7 /* DynamicUIView.swift */ = {isa = PBXFileReference; lastKnownFileType = sourcecode.swift; path = DynamicUIView.swift; sourceTree = "<group>"; };
		C2A001042FB3D10000EA80B7 /* UIComponent.swift */ = {isa = PBXFileReference; lastKnownFileType = sourcecode.swift; path = UIComponent.swift; sourceTree = "<group>"; };
		C2A001052FB3D10000EA80B7 /* ComponentType.swift */ = {isa = PBXFileReference; lastKnownFileType = sourcecode.swift; path = ComponentType.swift; sourceTree = "<group>"; };
		C2A001062FB3D10000EA80B7 /* ComponentProps.swift */ = {isa = PBXFileReference; lastKnownFileType = sourcecode.swift; path = ComponentProps.swift; sourceTree = "<group>"; };
		C2A001072FB3D10000EA80B7 /* CapabilityCall.swift */ = {isa = PBXFileReference; lastKnownFileType = sourcecode.swift; path = CapabilityCall.swift; sourceTree = "<group>"; };
		C2A001082FB3D10000EA80B7 /* SchemaValidator.swift */ = {isa = PBXFileReference; lastKnownFileType = sourcecode.swift; path = SchemaValidator.swift; sourceTree = "<group>"; };
		C2A001092FB3D10000EA80B7 /* ValidationError.swift */ = {isa = PBXFileReference; lastKnownFileType = sourcecode.swift; path = ValidationError.swift; sourceTree = "<group>"; };
		C2A0010A2FB3D10000EA80B7 /* AppCapability.swift */ = {isa = PBXFileReference; lastKnownFileType = sourcecode.swift; path = AppCapability.swift; sourceTree = "<group>"; };
		C2A0010B2FB3D10000EA80B7 /* CapabilityRegistry.swift */ = {isa = PBXFileReference; lastKnownFileType = sourcecode.swift; path = CapabilityRegistry.swift; sourceTree = "<group>"; };
		C2A0010C2FB3D10000EA80B7 /* CapabilityExecutor.swift */ = {isa = PBXFileReference; lastKnownFileType = sourcecode.swift; path = CapabilityExecutor.swift; sourceTree = "<group>"; };
		C2A0010D2FB3D10000EA80B7 /* DynamicRenderer.swift */ = {isa = PBXFileReference; lastKnownFileType = sourcecode.swift; path = DynamicRenderer.swift; sourceTree = "<group>"; };
		C2A0010E2FB3D10000EA80B7 /* LLMClient.swift */ = {isa = PBXFileReference; lastKnownFileType = sourcecode.swift; path = LLMClient.swift; sourceTree = "<group>"; };
		C2A0010F2FB3D10000EA80B7 /* OllamaClient.swift */ = {isa = PBXFileReference; lastKnownFileType = sourcecode.swift; path = OllamaClient.swift; sourceTree = "<group>"; };
		C2A001102FB3D10000EA80B7 /* PromptBuilder.swift */ = {isa = PBXFileReference; lastKnownFileType = sourcecode.swift; path = PromptBuilder.swift; sourceTree = "<group>"; };
		C2A001112FB3D10000EA80B7 /* AppTheme.swift */ = {isa = PBXFileReference; lastKnownFileType = sourcecode.swift; path = AppTheme.swift; sourceTree = "<group>"; };
		C2A001122FB3D10000EA80B7 /* Color+Hex.swift */ = {isa = PBXFileReference; lastKnownFileType = sourcecode.swift; path = "Color+Hex.swift"; sourceTree = "<group>"; };
		C2A001132FB3D10000EA80B7 /* AppCard.swift */ = {isa = PBXFileReference; lastKnownFileType = sourcecode.swift; path = AppCard.swift; sourceTree = "<group>"; };
		C2A001142FB3D10000EA80B7 /* AppSectionTitle.swift */ = {isa = PBXFileReference; lastKnownFileType = sourcecode.swift; path = AppSectionTitle.swift; sourceTree = "<group>"; };
		C2A001152FB3D10000EA80B7 /* AppStatusBadge.swift */ = {isa = PBXFileReference; lastKnownFileType = sourcecode.swift; path = AppStatusBadge.swift; sourceTree = "<group>"; };
		C2A001162FB3D10000EA80B7 /* AppPromptTextEditor.swift */ = {isa = PBXFileReference; lastKnownFileType = sourcecode.swift; path = AppPromptTextEditor.swift; sourceTree = "<group>"; };
		C2A001172FB3D10000EA80B7 /* AppChip.swift */ = {isa = PBXFileReference; lastKnownFileType = sourcecode.swift; path = AppChip.swift; sourceTree = "<group>"; };
		C2A001182FB3D10000EA80B7 /* AppPrimaryButton.swift */ = {isa = PBXFileReference; lastKnownFileType = sourcecode.swift; path = AppPrimaryButton.swift; sourceTree = "<group>"; };
		C2A001192FB3D10000EA80B7 /* EmptyPreviewCanvas.swift */ = {isa = PBXFileReference; lastKnownFileType = sourcecode.swift; path = EmptyPreviewCanvas.swift; sourceTree = "<group>"; };
		C2A0011A2FB3E60000EA80B7 /* OllamaGenerateRequestDTO.swift */ = {isa = PBXFileReference; lastKnownFileType = sourcecode.swift; path = OllamaGenerateRequestDTO.swift; sourceTree = "<group>"; };
		C2A0011B2FB3E60000EA80B7 /* OllamaGenerateResponseDTO.swift */ = {isa = PBXFileReference; lastKnownFileType = sourcecode.swift; path = OllamaGenerateResponseDTO.swift; sourceTree = "<group>"; };
		C2A0011C2FB3E60000EA80B7 /* LLMRepository.swift */ = {isa = PBXFileReference; lastKnownFileType = sourcecode.swift; path = LLMRepository.swift; sourceTree = "<group>"; };
		C2A0011D2FB3E60000EA80B7 /* OllamaLLMRepository.swift */ = {isa = PBXFileReference; lastKnownFileType = sourcecode.swift; path = OllamaLLMRepository.swift; sourceTree = "<group>"; };
		C2A0011E2FB5600000EA80B7 /* GeneratedPreviewView.swift */ = {isa = PBXFileReference; lastKnownFileType = sourcecode.swift; path = GeneratedPreviewView.swift; sourceTree = "<group>"; };
		C2A001202FBE110000EA80B7 /* CompactComponentDTO.swift */ = {isa = PBXFileReference; lastKnownFileType = sourcecode.swift; path = CompactComponentDTO.swift; sourceTree = "<group>"; };
		C2A001212FC0000000EA80B7 /* ScreenPlan.swift */ = {isa = PBXFileReference; lastKnownFileType = sourcecode.swift; path = ScreenPlan.swift; sourceTree = "<group>"; };
		C2A001222FC0000000EA80B7 /* ScreenPlanDTO.swift */ = {isa = PBXFileReference; lastKnownFileType = sourcecode.swift; path = ScreenPlanDTO.swift; sourceTree = "<group>"; };
		C2A001232FC0100000EA80B7 /* ScreenPlanPromptBuilder.swift */ = {isa = PBXFileReference; lastKnownFileType = sourcecode.swift; path = ScreenPlanPromptBuilder.swift; sourceTree = "<group>"; };
		C2A001242FC0200000EA80B7 /* ScreenSectionGenerationInput.swift */ = {isa = PBXFileReference; lastKnownFileType = sourcecode.swift; path = ScreenSectionGenerationInput.swift; sourceTree = "<group>"; };
		C2A001252FC0200000EA80B7 /* ScreenSectionPromptBuilder.swift */ = {isa = PBXFileReference; lastKnownFileType = sourcecode.swift; path = ScreenSectionPromptBuilder.swift; sourceTree = "<group>"; };
		C3B001012FD0000000AA91C1 /* LLMProviderConfiguration.swift */ = {isa = PBXFileReference; lastKnownFileType = sourcecode.swift; path = LLMProviderConfiguration.swift; sourceTree = "<group>"; };
		C3B001022FD0000000AA91C1 /* OpenAICompatibleChatDTO.swift */ = {isa = PBXFileReference; lastKnownFileType = sourcecode.swift; path = OpenAICompatibleChatDTO.swift; sourceTree = "<group>"; };
		C3B001032FD0000000AA91C1 /* OpenAICompatibleLLMRepository.swift */ = {isa = PBXFileReference; lastKnownFileType = sourcecode.swift; path = OpenAICompatibleLLMRepository.swift; sourceTree = "<group>"; };
		C3B001042FD0000000AA91C1 /* LLMProviderConfigurationResolver.swift */ = {isa = PBXFileReference; lastKnownFileType = sourcecode.swift; path = LLMProviderConfigurationResolver.swift; sourceTree = "<group>"; };
		C3B001052FD0000000AA91C1 /* GeminiGenerateContentDTO.swift */ = {isa = PBXFileReference; lastKnownFileType = sourcecode.swift; path = GeminiGenerateContentDTO.swift; sourceTree = "<group>"; };
		C3B001062FD0000000AA91C1 /* GeminiLLMRepository.swift */ = {isa = PBXFileReference; lastKnownFileType = sourcecode.swift; path = GeminiLLMRepository.swift; sourceTree = "<group>"; };
/* End PBXFileReference section */

/* Begin PBXFrameworksBuildPhase section */
		C1D9C7922FB3CC4E00EA80B7 /* Frameworks */ = {
			isa = PBXFrameworksBuildPhase;
			buildActionMask = 2147483647;
			files = (
				C1D9C7AC2FB3DA7E00EA80B7 /* ComposableArchitecture in Frameworks */,
			);
			runOnlyForDeploymentPostprocessing = 0;
		};
/* End PBXFrameworksBuildPhase section */

/* Begin PBXGroup section */
		C12E53AC2FC78AE40085C482 /* Config */ = {
			isa = PBXGroup;
			children = (
				C12E53AA2FC78AE40085C482 /* AppConfig.xcconfig */,
				C12E53AB2FC78AE40085C482 /* AppConfig.example.xcconfig */,
			);
			path = Config;
			sourceTree = "<group>";
		};
		C1D9C78C2FB3CC4E00EA80B7 = {
			isa = PBXGroup;
			children = (
				C12E53AD2FC78AE40085C482 /* README.md */,
				C1D9C7A62FB3CC5700EA80B7 /* SwiftGenUI */,
				C12E53AC2FC78AE40085C482 /* Config */,
				C1D9C7962FB3CC4E00EA80B7 /* Products */,
			);
			sourceTree = "<group>";
		};
		C1D9C7962FB3CC4E00EA80B7 /* Products */ = {
			isa = PBXGroup;
			children = (
				C1D9C7952FB3CC4E00EA80B7 /* SwiftGenUI.app */,
			);
			name = Products;
			sourceTree = "<group>";
		};
		C1D9C7A62FB3CC5700EA80B7 /* SwiftGenUI */ = {
			isa = PBXGroup;
			children = (
				C1D9C7A42FB3CC5700EA80B7 /* ContentView.swift */,
				C1D9C7A52FB3CC5700EA80B7 /* SwiftGenUIApp.swift */,
				C2A002012FB3D10000EA80B7 /* App */,
				C2A002022FB3D10000EA80B7 /* Features */,
				C2A002042FB3D10000EA80B7 /* Engine */,
				C2A002092FB3D10000EA80B7 /* Infrastructure */,
				C2A0020E2FB3D10000EA80B7 /* CoreUI */,
				C1D9C7A62FC7A0000085C482 /* Info.plist */,
				C1D9C7A32FB3CC5700EA80B7 /* Assets.xcassets */,
			);
			path = SwiftGenUI;
			sourceTree = "<group>";
		};
		C2A002012FB3D10000EA80B7 /* App */ = {
			isa = PBXGroup;
			children = (
				C2A001012FB3D10000EA80B7 /* AppFeature.swift */,
			);
			path = App;
			sourceTree = "<group>";
		};
		C2A002022FB3D10000EA80B7 /* Features */ = {
			isa = PBXGroup;
			children = (
				C2A002032FB3D10000EA80B7 /* DynamicUI */,
			);
			path = Features;
			sourceTree = "<group>";
		};
		C2A002032FB3D10000EA80B7 /* DynamicUI */ = {
			isa = PBXGroup;
			children = (
				C2A001022FB3D10000EA80B7 /* DynamicUIFeature.swift */,
				C2A001032FB3D10000EA80B7 /* DynamicUIView.swift */,
				C2A0011E2FB5600000EA80B7 /* GeneratedPreviewView.swift */,
			);
			path = DynamicUI;
			sourceTree = "<group>";
		};
		C2A002042FB3D10000EA80B7 /* Engine */ = {
			isa = PBXGroup;
			children = (
				C2A002052FB3D10000EA80B7 /* Schema */,
				C2A002062FB3D10000EA80B7 /* Validation */,
				C2A002072FB3D10000EA80B7 /* Capabilities */,
				C2A002082FB3D10000EA80B7 /* Rendering */,
			);
			path = Engine;
			sourceTree = "<group>";
		};
		C2A002052FB3D10000EA80B7 /* Schema */ = {
			isa = PBXGroup;
			children = (
				C2A001042FB3D10000EA80B7 /* UIComponent.swift */,
				C2A001212FC0000000EA80B7 /* ScreenPlan.swift */,
				C2A001242FC0200000EA80B7 /* ScreenSectionGenerationInput.swift */,
				C2A001052FB3D10000EA80B7 /* ComponentType.swift */,
				C2A001062FB3D10000EA80B7 /* ComponentProps.swift */,
				C2A001072FB3D10000EA80B7 /* CapabilityCall.swift */,
			);
			path = Schema;
			sourceTree = "<group>";
		};
		C2A002062FB3D10000EA80B7 /* Validation */ = {
			isa = PBXGroup;
			children = (
				C2A001082FB3D10000EA80B7 /* SchemaValidator.swift */,
				C2A001092FB3D10000EA80B7 /* ValidationError.swift */,
			);
			path = Validation;
			sourceTree = "<group>";
		};
		C2A002072FB3D10000EA80B7 /* Capabilities */ = {
			isa = PBXGroup;
			children = (
				C2A0010A2FB3D10000EA80B7 /* AppCapability.swift */,
				C2A0010B2FB3D10000EA80B7 /* CapabilityRegistry.swift */,
				C2A0010C2FB3D10000EA80B7 /* CapabilityExecutor.swift */,
			);
			path = Capabilities;
			sourceTree = "<group>";
		};
		C2A002082FB3D10000EA80B7 /* Rendering */ = {
			isa = PBXGroup;
			children = (
				C2A0010D2FB3D10000EA80B7 /* DynamicRenderer.swift */,
			);
			path = Rendering;
			sourceTree = "<group>";
		};
		C2A002092FB3D10000EA80B7 /* Infrastructure */ = {
			isa = PBXGroup;
			children = (
				C2A0020A2FB3D10000EA80B7 /* LLM */,
			);
			path = Infrastructure;
			sourceTree = "<group>";
		};
		C2A0020A2FB3D10000EA80B7 /* LLM */ = {
			isa = PBXGroup;
			children = (
				C2A002112FB3E60000EA80B7 /* DTOs */,
				C2A002122FB3E60000EA80B7 /* Repositories */,
				C2A0010E2FB3D10000EA80B7 /* LLMClient.swift */,
				C3B001012FD0000000AA91C1 /* LLMProviderConfiguration.swift */,
				C3B001042FD0000000AA91C1 /* LLMProviderConfigurationResolver.swift */,
				C2A0010F2FB3D10000EA80B7 /* OllamaClient.swift */,
				C2A001102FB3D10000EA80B7 /* PromptBuilder.swift */,
				C2A001232FC0100000EA80B7 /* ScreenPlanPromptBuilder.swift */,
				C2A001252FC0200000EA80B7 /* ScreenSectionPromptBuilder.swift */,
			);
			path = LLM;
			sourceTree = "<group>";
		};
		C2A0020B2FB3D10000EA80B7 /* Theme */ = {
			isa = PBXGroup;
			children = (
				C2A001112FB3D10000EA80B7 /* AppTheme.swift */,
			);
			path = Theme;
			sourceTree = "<group>";
		};
		C2A0020C2FB3D10000EA80B7 /* Extensions */ = {
			isa = PBXGroup;
			children = (
				C2A001122FB3D10000EA80B7 /* Color+Hex.swift */,
			);
			path = Extensions;
			sourceTree = "<group>";
		};
		C2A0020D2FB3D10000EA80B7 /* Components */ = {
			isa = PBXGroup;
			children = (
				C2A001132FB3D10000EA80B7 /* AppCard.swift */,
				C2A001172FB3D10000EA80B7 /* AppChip.swift */,
				C2A001182FB3D10000EA80B7 /* AppPrimaryButton.swift */,
				C2A001162FB3D10000EA80B7 /* AppPromptTextEditor.swift */,
				C2A001142FB3D10000EA80B7 /* AppSectionTitle.swift */,
				C2A001152FB3D10000EA80B7 /* AppStatusBadge.swift */,
				C2A001192FB3D10000EA80B7 /* EmptyPreviewCanvas.swift */,
			);
			path = Components;
			sourceTree = "<group>";
		};
		C2A0020E2FB3D10000EA80B7 /* CoreUI */ = {
			isa = PBXGroup;
			children = (
				C2A0020D2FB3D10000EA80B7 /* Components */,
				C2A0020F2FB3D10000EA80B7 /* Styles */,
				C2A0020B2FB3D10000EA80B7 /* Theme */,
				C2A002102FB3D10000EA80B7 /* Tokens */,
				C2A0020C2FB3D10000EA80B7 /* Extensions */,
			);
			path = CoreUI;
			sourceTree = "<group>";
		};
		C2A0020F2FB3D10000EA80B7 /* Styles */ = {
			isa = PBXGroup;
			children = (
			);
			path = Styles;
			sourceTree = "<group>";
		};
		C2A002102FB3D10000EA80B7 /* Tokens */ = {
			isa = PBXGroup;
			children = (
			);
			path = Tokens;
			sourceTree = "<group>";
		};
		C2A002112FB3E60000EA80B7 /* DTOs */ = {
			isa = PBXGroup;
			children = (
				C2A001202FBE110000EA80B7 /* CompactComponentDTO.swift */,
				C3B001052FD0000000AA91C1 /* GeminiGenerateContentDTO.swift */,
				C3B001022FD0000000AA91C1 /* OpenAICompatibleChatDTO.swift */,
				C2A001222FC0000000EA80B7 /* ScreenPlanDTO.swift */,
				C2A0011A2FB3E60000EA80B7 /* OllamaGenerateRequestDTO.swift */,
				C2A0011B2FB3E60000EA80B7 /* OllamaGenerateResponseDTO.swift */,
			);
			path = DTOs;
			sourceTree = "<group>";
		};
		C2A002122FB3E60000EA80B7 /* Repositories */ = {
			isa = PBXGroup;
			children = (
				C2A0011C2FB3E60000EA80B7 /* LLMRepository.swift */,
				C3B001062FD0000000AA91C1 /* GeminiLLMRepository.swift */,
				C2A0011D2FB3E60000EA80B7 /* OllamaLLMRepository.swift */,
				C3B001032FD0000000AA91C1 /* OpenAICompatibleLLMRepository.swift */,
			);
			path = Repositories;
			sourceTree = "<group>";
		};
/* End PBXGroup section */

/* Begin PBXNativeTarget section */
		C1D9C7942FB3CC4E00EA80B7 /* SwiftGenUI */ = {
			isa = PBXNativeTarget;
			buildConfigurationList = C1D9C7A02FB3CC4F00EA80B7 /* Build configuration list for PBXNativeTarget "SwiftGenUI" */;
			buildPhases = (
				C1D9C7912FB3CC4E00EA80B7 /* Sources */,
				C1D9C7922FB3CC4E00EA80B7 /* Frameworks */,
				C1D9C7932FB3CC4E00EA80B7 /* Resources */,
			);
			buildRules = (
			);
			dependencies = (
			);
			name = SwiftGenUI;
			packageProductDependencies = (
				C1D9C7AB2FB3DA7E00EA80B7 /* ComposableArchitecture */,
			);
			productName = SwiftGenUI;
			productReference = C1D9C7952FB3CC4E00EA80B7 /* SwiftGenUI.app */;
			productType = "com.apple.product-type.application";
		};
/* End PBXNativeTarget section */

/* Begin PBXProject section */
		C1D9C78D2FB3CC4E00EA80B7 /* Project object */ = {
			isa = PBXProject;
			attributes = {
				BuildIndependentTargetsInParallel = 1;
				LastSwiftUpdateCheck = 2620;
				LastUpgradeCheck = 2620;
				TargetAttributes = {
					C1D9C7942FB3CC4E00EA80B7 = {
						CreatedOnToolsVersion = 26.2;
					};
				};
			};
			buildConfigurationList = C1D9C7902FB3CC4E00EA80B7 /* Build configuration list for PBXProject "SwiftGenUI" */;
			developmentRegion = en;
			hasScannedForEncodings = 0;
			knownRegions = (
				en,
				Base,
			);
			mainGroup = C1D9C78C2FB3CC4E00EA80B7;
			minimizedProjectReferenceProxies = 1;
			packageReferences = (
				C1D9C7AA2FB3DA7E00EA80B7 /* XCRemoteSwiftPackageReference "swift-composable-architecture" */,
			);
			preferredProjectObjectVersion = 77;
			productRefGroup = C1D9C7962FB3CC4E00EA80B7 /* Products */;
			projectDirPath = "";
			projectRoot = "";
			targets = (
				C1D9C7942FB3CC4E00EA80B7 /* SwiftGenUI */,
			);
		};
/* End PBXProject section */

/* Begin PBXResourcesBuildPhase section */
		C1D9C7932FB3CC4E00EA80B7 /* Resources */ = {
			isa = PBXResourcesBuildPhase;
			buildActionMask = 2147483647;
			files = (
				C1D9C7A92FB3CC5700EA80B7 /* Assets.xcassets in Resources */,
			);
			runOnlyForDeploymentPostprocessing = 0;
		};
/* End PBXResourcesBuildPhase section */

/* Begin PBXSourcesBuildPhase section */
		C1D9C7912FB3CC4E00EA80B7 /* Sources */ = {
			isa = PBXSourcesBuildPhase;
			buildActionMask = 2147483647;
			files = (
				C2A000012FB3D10000EA80B7 /* AppFeature.swift in Sources */,
				C2A000022FB3D10000EA80B7 /* DynamicUIFeature.swift in Sources */,
				C2A000032FB3D10000EA80B7 /* DynamicUIView.swift in Sources */,
				C2A0001E2FB5600000EA80B7 /* GeneratedPreviewView.swift in Sources */,
				C2A000042FB3D10000EA80B7 /* UIComponent.swift in Sources */,
				C2A000212FC0000000EA80B7 /* ScreenPlan.swift in Sources */,
				C2A000242FC0200000EA80B7 /* ScreenSectionGenerationInput.swift in Sources */,
				C2A000052FB3D10000EA80B7 /* ComponentType.swift in Sources */,
				C2A000062FB3D10000EA80B7 /* ComponentProps.swift in Sources */,
				C2A000072FB3D10000EA80B7 /* CapabilityCall.swift in Sources */,
				C2A000082FB3D10000EA80B7 /* SchemaValidator.swift in Sources */,
				C2A000092FB3D10000EA80B7 /* ValidationError.swift in Sources */,
				C2A0000A2FB3D10000EA80B7 /* AppCapability.swift in Sources */,
				C2A0000B2FB3D10000EA80B7 /* CapabilityRegistry.swift in Sources */,
				C2A0000C2FB3D10000EA80B7 /* CapabilityExecutor.swift in Sources */,
				C2A0000D2FB3D10000EA80B7 /* DynamicRenderer.swift in Sources */,
				C2A0000E2FB3D10000EA80B7 /* LLMClient.swift in Sources */,
				C3B000012FD0000000AA91C1 /* LLMProviderConfiguration.swift in Sources */,
				C3B000042FD0000000AA91C1 /* LLMProviderConfigurationResolver.swift in Sources */,
				C2A0000F2FB3D10000EA80B7 /* OllamaClient.swift in Sources */,
				C2A000102FB3D10000EA80B7 /* PromptBuilder.swift in Sources */,
				C2A000232FC0100000EA80B7 /* ScreenPlanPromptBuilder.swift in Sources */,
				C2A000252FC0200000EA80B7 /* ScreenSectionPromptBuilder.swift in Sources */,
				C2A000202FBE110000EA80B7 /* CompactComponentDTO.swift in Sources */,
				C3B000052FD0000000AA91C1 /* GeminiGenerateContentDTO.swift in Sources */,
				C3B000022FD0000000AA91C1 /* OpenAICompatibleChatDTO.swift in Sources */,
				C2A000222FC0000000EA80B7 /* ScreenPlanDTO.swift in Sources */,
				C2A0001A2FB3E60000EA80B7 /* OllamaGenerateRequestDTO.swift in Sources */,
				C2A0001B2FB3E60000EA80B7 /* OllamaGenerateResponseDTO.swift in Sources */,
				C2A0001C2FB3E60000EA80B7 /* LLMRepository.swift in Sources */,
				C3B000062FD0000000AA91C1 /* GeminiLLMRepository.swift in Sources */,
				C2A0001D2FB3E60000EA80B7 /* OllamaLLMRepository.swift in Sources */,
				C3B000032FD0000000AA91C1 /* OpenAICompatibleLLMRepository.swift in Sources */,
				C2A000112FB3D10000EA80B7 /* AppTheme.swift in Sources */,
				C2A000122FB3D10000EA80B7 /* Color+Hex.swift in Sources */,
				C2A000132FB3D10000EA80B7 /* AppCard.swift in Sources */,
				C2A000142FB3D10000EA80B7 /* AppSectionTitle.swift in Sources */,
				C2A000152FB3D10000EA80B7 /* AppStatusBadge.swift in Sources */,
				C2A000162FB3D10000EA80B7 /* AppPromptTextEditor.swift in Sources */,
				C2A000172FB3D10000EA80B7 /* AppChip.swift in Sources */,
				C2A000182FB3D10000EA80B7 /* AppPrimaryButton.swift in Sources */,
				C2A000192FB3D10000EA80B7 /* EmptyPreviewCanvas.swift in Sources */,
				C1D9C7A72FB3CC5700EA80B7 /* ContentView.swift in Sources */,
				C1D9C7A82FB3CC5700EA80B7 /* SwiftGenUIApp.swift in Sources */,
			);
			runOnlyForDeploymentPostprocessing = 0;
		};
/* End PBXSourcesBuildPhase section */

/* Begin XCBuildConfiguration section */
		C1D9C79E2FB3CC4F00EA80B7 /* Debug */ = {
			isa = XCBuildConfiguration;
			buildSettings = {
				ALWAYS_SEARCH_USER_PATHS = NO;
				ASSETCATALOG_COMPILER_GENERATE_SWIFT_ASSET_SYMBOL_EXTENSIONS = YES;
				CLANG_ANALYZER_NONNULL = YES;
				CLANG_ANALYZER_NUMBER_OBJECT_CONVERSION = YES_AGGRESSIVE;
				CLANG_CXX_LANGUAGE_STANDARD = "gnu++20";
				CLANG_ENABLE_MODULES = YES;
				CLANG_ENABLE_OBJC_ARC = YES;
				CLANG_ENABLE_OBJC_WEAK = YES;
				CLANG_WARN_BLOCK_CAPTURE_AUTORELEASING = YES;
				CLANG_WARN_BOOL_CONVERSION = YES;
				CLANG_WARN_COMMA = YES;
				CLANG_WARN_CONSTANT_CONVERSION = YES;
				CLANG_WARN_DEPRECATED_OBJC_IMPLEMENTATIONS = YES;
				CLANG_WARN_DIRECT_OBJC_ISA_USAGE = YES_ERROR;
				CLANG_WARN_DOCUMENTATION_COMMENTS = YES;
				CLANG_WARN_EMPTY_BODY = YES;
				CLANG_WARN_ENUM_CONVERSION = YES;
				CLANG_WARN_INFINITE_RECURSION = YES;
				CLANG_WARN_INT_CONVERSION = YES;
				CLANG_WARN_NON_LITERAL_NULL_CONVERSION = YES;
				CLANG_WARN_OBJC_IMPLICIT_RETAIN_SELF = YES;
				CLANG_WARN_OBJC_LITERAL_CONVERSION = YES;
				CLANG_WARN_OBJC_ROOT_CLASS = YES_ERROR;
				CLANG_WARN_QUOTED_INCLUDE_IN_FRAMEWORK_HEADER = YES;
				CLANG_WARN_RANGE_LOOP_ANALYSIS = YES;
				CLANG_WARN_STRICT_PROTOTYPES = YES;
				CLANG_WARN_SUSPICIOUS_MOVE = YES;
				CLANG_WARN_UNGUARDED_AVAILABILITY = YES_AGGRESSIVE;
				CLANG_WARN_UNREACHABLE_CODE = YES;
				CLANG_WARN__DUPLICATE_METHOD_MATCH = YES;
				COPY_PHASE_STRIP = NO;
				DEBUG_INFORMATION_FORMAT = dwarf;
				DEVELOPMENT_TEAM = 232C7N3DDY;
				ENABLE_STRICT_OBJC_MSGSEND = YES;
				ENABLE_TESTABILITY = YES;
				ENABLE_USER_SCRIPT_SANDBOXING = YES;
				GCC_C_LANGUAGE_STANDARD = gnu17;
				GCC_DYNAMIC_NO_PIC = NO;
				GCC_NO_COMMON_BLOCKS = YES;
				GCC_OPTIMIZATION_LEVEL = 0;
				GCC_PREPROCESSOR_DEFINITIONS = (
					"DEBUG=1",
					"$(inherited)",
				);
				GCC_WARN_64_TO_32_BIT_CONVERSION = YES;
				GCC_WARN_ABOUT_RETURN_TYPE = YES_ERROR;
				GCC_WARN_UNDECLARED_SELECTOR = YES;
				GCC_WARN_UNINITIALIZED_AUTOS = YES_AGGRESSIVE;
				GCC_WARN_UNUSED_FUNCTION = YES;
				GCC_WARN_UNUSED_VARIABLE = YES;
				IPHONEOS_DEPLOYMENT_TARGET = 26.2;
				LOCALIZATION_PREFERS_STRING_CATALOGS = YES;
				MTL_ENABLE_DEBUG_INFO = INCLUDE_SOURCE;
				MTL_FAST_MATH = YES;
				ONLY_ACTIVE_ARCH = YES;
				SDKROOT = iphoneos;
				SWIFT_ACTIVE_COMPILATION_CONDITIONS = "DEBUG $(inherited)";
				SWIFT_OPTIMIZATION_LEVEL = "-Onone";
			};
			name = Debug;
		};
		C1D9C79F2FB3CC4F00EA80B7 /* Release */ = {
			isa = XCBuildConfiguration;
			buildSettings = {
				ALWAYS_SEARCH_USER_PATHS = NO;
				ASSETCATALOG_COMPILER_GENERATE_SWIFT_ASSET_SYMBOL_EXTENSIONS = YES;
				CLANG_ANALYZER_NONNULL = YES;
				CLANG_ANALYZER_NUMBER_OBJECT_CONVERSION = YES_AGGRESSIVE;
				CLANG_CXX_LANGUAGE_STANDARD = "gnu++20";
				CLANG_ENABLE_MODULES = YES;
				CLANG_ENABLE_OBJC_ARC = YES;
				CLANG_ENABLE_OBJC_WEAK = YES;
				CLANG_WARN_BLOCK_CAPTURE_AUTORELEASING = YES;
				CLANG_WARN_BOOL_CONVERSION = YES;
				CLANG_WARN_COMMA = YES;
				CLANG_WARN_CONSTANT_CONVERSION = YES;
				CLANG_WARN_DEPRECATED_OBJC_IMPLEMENTATIONS = YES;
				CLANG_WARN_DIRECT_OBJC_ISA_USAGE = YES_ERROR;
				CLANG_WARN_DOCUMENTATION_COMMENTS = YES;
				CLANG_WARN_EMPTY_BODY = YES;
				CLANG_WARN_ENUM_CONVERSION = YES;
				CLANG_WARN_INFINITE_RECURSION = YES;
				CLANG_WARN_INT_CONVERSION = YES;
				CLANG_WARN_NON_LITERAL_NULL_CONVERSION = YES;
				CLANG_WARN_OBJC_IMPLICIT_RETAIN_SELF = YES;
				CLANG_WARN_OBJC_LITERAL_CONVERSION = YES;
				CLANG_WARN_OBJC_ROOT_CLASS = YES_ERROR;
				CLANG_WARN_QUOTED_INCLUDE_IN_FRAMEWORK_HEADER = YES;
				CLANG_WARN_RANGE_LOOP_ANALYSIS = YES;
				CLANG_WARN_STRICT_PROTOTYPES = YES;
				CLANG_WARN_SUSPICIOUS_MOVE = YES;
				CLANG_WARN_UNGUARDED_AVAILABILITY = YES_AGGRESSIVE;
				CLANG_WARN_UNREACHABLE_CODE = YES;
				CLANG_WARN__DUPLICATE_METHOD_MATCH = YES;
				COPY_PHASE_STRIP = NO;
				DEBUG_INFORMATION_FORMAT = "dwarf-with-dsym";
				DEVELOPMENT_TEAM = 232C7N3DDY;
				ENABLE_NS_ASSERTIONS = NO;
				ENABLE_STRICT_OBJC_MSGSEND = YES;
				ENABLE_USER_SCRIPT_SANDBOXING = YES;
				GCC_C_LANGUAGE_STANDARD = gnu17;
				GCC_NO_COMMON_BLOCKS = YES;
				GCC_WARN_64_TO_32_BIT_CONVERSION = YES;
				GCC_WARN_ABOUT_RETURN_TYPE = YES_ERROR;
				GCC_WARN_UNDECLARED_SELECTOR = YES;
				GCC_WARN_UNINITIALIZED_AUTOS = YES_AGGRESSIVE;
				GCC_WARN_UNUSED_FUNCTION = YES;
				GCC_WARN_UNUSED_VARIABLE = YES;
				IPHONEOS_DEPLOYMENT_TARGET = 26.2;
				LOCALIZATION_PREFERS_STRING_CATALOGS = YES;
				MTL_ENABLE_DEBUG_INFO = NO;
				MTL_FAST_MATH = YES;
				SDKROOT = iphoneos;
				SWIFT_COMPILATION_MODE = wholemodule;
				VALIDATE_PRODUCT = YES;
			};
			name = Release;
		};
		C1D9C7A12FB3CC4F00EA80B7 /* Debug */ = {
			isa = XCBuildConfiguration;
			baseConfigurationReference = C12E53AB2FC78AE40085C482 /* AppConfig.example.xcconfig */;
			buildSettings = {
				ASSETCATALOG_COMPILER_APPICON_NAME = AppIcon;
				ASSETCATALOG_COMPILER_GLOBAL_ACCENT_COLOR_NAME = AccentColor;
				CODE_SIGN_STYLE = Automatic;
				CURRENT_PROJECT_VERSION = 1;
				DEVELOPMENT_TEAM = 232C7N3DDY;
				ENABLE_PREVIEWS = YES;
				GENERATE_INFOPLIST_FILE = NO;
				INFOPLIST_FILE = SwiftGenUI/Info.plist;
				LD_RUNPATH_SEARCH_PATHS = (
					"$(inherited)",
					"@executable_path/Frameworks",
				);
				MARKETING_VERSION = 1.0;
				PRODUCT_BUNDLE_IDENTIFIER = com.SwiftGenUI;
				PRODUCT_NAME = "$(TARGET_NAME)";
				STRING_CATALOG_GENERATE_SYMBOLS = YES;
				SWIFT_APPROACHABLE_CONCURRENCY = YES;
				SWIFT_DEFAULT_ACTOR_ISOLATION = MainActor;
				SWIFT_EMIT_LOC_STRINGS = YES;
				SWIFT_UPCOMING_FEATURE_MEMBER_IMPORT_VISIBILITY = YES;
				SWIFT_VERSION = 5.0;
				TARGETED_DEVICE_FAMILY = "1,2";
			};
			name = Debug;
		};
		C1D9C7A22FB3CC4F00EA80B7 /* Release */ = {
			isa = XCBuildConfiguration;
			baseConfigurationReference = C12E53AB2FC78AE40085C482 /* AppConfig.example.xcconfig */;
			buildSettings = {
				ASSETCATALOG_COMPILER_APPICON_NAME = AppIcon;
				ASSETCATALOG_COMPILER_GLOBAL_ACCENT_COLOR_NAME = AccentColor;
				CODE_SIGN_STYLE = Automatic;
				CURRENT_PROJECT_VERSION = 1;
				DEVELOPMENT_TEAM = 232C7N3DDY;
				ENABLE_PREVIEWS = YES;
				GENERATE_INFOPLIST_FILE = NO;
				INFOPLIST_FILE = SwiftGenUI/Info.plist;
				LD_RUNPATH_SEARCH_PATHS = (
					"$(inherited)",
					"@executable_path/Frameworks",
				);
				MARKETING_VERSION = 1.0;
				PRODUCT_BUNDLE_IDENTIFIER = com.SwiftGenUI;
				PRODUCT_NAME = "$(TARGET_NAME)";
				STRING_CATALOG_GENERATE_SYMBOLS = YES;
				SWIFT_APPROACHABLE_CONCURRENCY = YES;
				SWIFT_DEFAULT_ACTOR_ISOLATION = MainActor;
				SWIFT_EMIT_LOC_STRINGS = YES;
				SWIFT_UPCOMING_FEATURE_MEMBER_IMPORT_VISIBILITY = YES;
				SWIFT_VERSION = 5.0;
				TARGETED_DEVICE_FAMILY = "1,2";
			};
			name = Release;
		};
/* End XCBuildConfiguration section */

/* Begin XCConfigurationList section */
		C1D9C7902FB3CC4E00EA80B7 /* Build configuration list for PBXProject "SwiftGenUI" */ = {
			isa = XCConfigurationList;
			buildConfigurations = (
				C1D9C79E2FB3CC4F00EA80B7 /* Debug */,
				C1D9C79F2FB3CC4F00EA80B7 /* Release */,
			);
			defaultConfigurationIsVisible = 0;
			defaultConfigurationName = Release;
		};
		C1D9C7A02FB3CC4F00EA80B7 /* Build configuration list for PBXNativeTarget "SwiftGenUI" */ = {
			isa = XCConfigurationList;
			buildConfigurations = (
				C1D9C7A12FB3CC4F00EA80B7 /* Debug */,
				C1D9C7A22FB3CC4F00EA80B7 /* Release */,
			);
			defaultConfigurationIsVisible = 0;
			defaultConfigurationName = Release;
		};
/* End XCConfigurationList section */

/* Begin XCRemoteSwiftPackageReference section */
		C1D9C7AA2FB3DA7E00EA80B7 /* XCRemoteSwiftPackageReference "swift-composable-architecture" */ = {
			isa = XCRemoteSwiftPackageReference;
			repositoryURL = "https://github.com/pointfreeco/swift-composable-architecture";
			requirement = {
				kind = upToNextMajorVersion;
				minimumVersion = 1.25.5;
			};
		};
/* End XCRemoteSwiftPackageReference section */

/* Begin XCSwiftPackageProductDependency section */
		C1D9C7AB2FB3DA7E00EA80B7 /* ComposableArchitecture */ = {
			isa = XCSwiftPackageProductDependency;
			package = C1D9C7AA2FB3DA7E00EA80B7 /* XCRemoteSwiftPackageReference "swift-composable-architecture" */;
			productName = ComposableArchitecture;
		};
/* End XCSwiftPackageProductDependency section */
	};
	rootObject = C1D9C78D2FB3CC4E00EA80B7 /* Project object */;
}
